
Microsoft Visual Studio Solution File, Format Version 12.00
# Visual Studio Version 17
VisualStudioVersion = 17.12.35707.178 d17.12
MinimumVisualStudioVersion = 10.0.40219.1
Project("{FAE04EC0-301F-11D3-BF4B-00C04F79EFBC}") = "FruitSaladLibrary", "FruitSaladLibrary\FruitSaladLibrary.csproj", "{073F1DAF-D4E3-4041-A006-44F58BAE97C6}"
EndProject
Project("{FAE04EC0-301F-11D3-BF4B-00C04F79EFBC}") = "FruitSaladDeliveryApp", "FruitSaladDeliveryApp\FruitSaladDeliveryApp.csproj", "{A9833201-9CED-4359-97C5-44FB672B37CA}"
EndProject
Global
	GlobalSection(SolutionConfigurationPlatforms) = preSolution
		Debug|Any CPU = Debug|Any CPU
		Release|Any CPU = Release|Any CPU
	EndGlobalSection
	GlobalSection(ProjectConfigurationPlatforms) = postSolution
		{073F1DAF-D4E3-4041-A006-44F58BAE97C6}.Debug|Any CPU.ActiveCfg = Debug|Any CPU
		{073F1DAF-D4E3-4041-A006-44F58BAE97C6}.Debug|Any CPU.Build.0 = Debug|Any CPU
		{073F1DAF-D4E3-4041-A006-44F58BAE97C6}.Release|Any CPU.ActiveCfg = Release|Any CPU
		{073F1DAF-D4E3-4041-A006-44F58BAE97C6}.Release|Any CPU.Build.0 = Release|Any CPU
		{A9833201-9CED-4359-97C5-44FB672B37CA}.Debug|Any CPU.ActiveCfg = Debug|Any CPU
		{A9833201-9CED-4359-97C5-44FB672B37CA}.Debug|Any CPU.Build.0 = Debug|Any CPU
		{A9833201-9CED-4359-97C5-44FB672B37CA}.Release|Any CPU.ActiveCfg = Release|Any CPU
		{A9833201-9CED-4359-97C5-44FB672B37CA}.Release|Any CPU.Build.0 = Release|Any CPU
	EndGlobalSection
	GlobalSection(SolutionProperties) = preSolution
		HideSolutionNode = FALSE
	EndGlobalSection
EndGlobal
